
Microsoft Visual Studio Solution File, Format Version 12.00
# Visual Studio Version 17
VisualStudioVersion = 17.8.34316.72
MinimumVisualStudioVersion = 10.0.40219.1
Project("{9A19103F-16F7-4668-BE54-9A1E7A4F7556}") = "W01", "W01\W01.csproj", "{1C2328C1-D2DE-4188-B2E4-62E012DD3059}"
EndProject
Project("{9A19103F-16F7-4668-BE54-9A1E7A4F7556}") = "W02", "W02\W02.csproj", "{1F222793-F2BD-4C2E-83B6-BB0A24268C32}"
EndProject
Project("{9A19103F-16F7-4668-BE54-9A1E7A4F7556}") = "W03", "W03\W03.csproj", "{B43F8B45-C837-4DAC-AFBA-A1CFF961CD73}"
EndProject
Project("{9A19103F-16F7-4668-BE54-9A1E7A4F7556}") = "ObsWebUI", "ObsWebUI\ObsWebUI.csproj", "{0B6860F3-2C44-459C-84D4-528E1FEA6831}"
EndProject
Project("{FAE04EC0-301F-11D3-BF4B-00C04F79EFBC}") = "Entities", "Entities\Entities.csproj", "{95133773-1E8E-4439-8A29-025D50E99293}"
EndProject
Project("{FAE04EC0-301F-11D3-BF4B-00C04F79EFBC}") = "DataAccess", "DataAccess\DataAccess.csproj", "{A5159DBE-ECDD-4A5D-B2D2-C61F6A64E80E}"
EndProject
Global
	GlobalSection(SolutionConfigurationPlatforms) = preSolution
		Debug|Any CPU = Debug|Any CPU
		Release|Any CPU = Release|Any CPU
	EndGlobalSection
	GlobalSection(ProjectConfigurationPlatforms) = postSolution
		{1C2328C1-D2DE-4188-B2E4-62E012DD3059}.Debug|Any CPU.ActiveCfg = Debug|Any CPU
		{1C2328C1-D2DE-4188-B2E4-62E012DD3059}.Debug|Any CPU.Build.0 = Debug|Any CPU
		{1C2328C1-D2DE-4188-B2E4-62E012DD3059}.Release|Any CPU.ActiveCfg = Release|Any CPU
		{1C2328C1-D2DE-4188-B2E4-62E012DD3059}.Release|Any CPU.Build.0 = Release|Any CPU
		{1F222793-F2BD-4C2E-83B6-BB0A24268C32}.Debug|Any CPU.ActiveCfg = Debug|Any CPU
		{1F222793-F2BD-4C2E-83B6-BB0A24268C32}.Debug|Any CPU.Build.0 = Debug|Any CPU
		{1F222793-F2BD-4C2E-83B6-BB0A24268C32}.Release|Any CPU.ActiveCfg = Release|Any CPU
		{1F222793-F2BD-4C2E-83B6-BB0A24268C32}.Release|Any CPU.Build.0 = Release|Any CPU
		{B43F8B45-C837-4DAC-AFBA-A1CFF961CD73}.Debug|Any CPU.ActiveCfg = Debug|Any CPU
		{B43F8B45-C837-4DAC-AFBA-A1CFF961CD73}.Debug|Any CPU.Build.0 = Debug|Any CPU
		{B43F8B45-C837-4DAC-AFBA-A1CFF961CD73}.Release|Any CPU.ActiveCfg = Release|Any CPU
		{B43F8B45-C837-4DAC-AFBA-A1CFF961CD73}.Release|Any CPU.Build.0 = Release|Any CPU
		{0B6860F3-2C44-459C-84D4-528E1FEA6831}.Debug|Any CPU.ActiveCfg = Debug|Any CPU
		{0B6860F3-2C44-459C-84D4-528E1FEA6831}.Debug|Any CPU.Build.0 = Debug|Any CPU
		{0B6860F3-2C44-459C-84D4-528E1FEA6831}.Release|Any CPU.ActiveCfg = Release|Any CPU
		{0B6860F3-2C44-459C-84D4-528E1FEA6831}.Release|Any CPU.Build.0 = Release|Any CPU
		{95133773-1E8E-4439-8A29-025D50E99293}.Debug|Any CPU.ActiveCfg = Debug|Any CPU
		{95133773-1E8E-4439-8A29-025D50E99293}.Debug|Any CPU.Build.0 = Debug|Any CPU
		{95133773-1E8E-4439-8A29-025D50E99293}.Release|Any CPU.ActiveCfg = Release|Any CPU
		{95133773-1E8E-4439-8A29-025D50E99293}.Release|Any CPU.Build.0 = Release|Any CPU
		{A5159DBE-ECDD-4A5D-B2D2-C61F6A64E80E}.Debug|Any CPU.ActiveCfg = Debug|Any CPU
		{A5159DBE-ECDD-4A5D-B2D2-C61F6A64E80E}.Debug|Any CPU.Build.0 = Debug|Any CPU
		{A5159DBE-ECDD-4A5D-B2D2-C61F6A64E80E}.Release|Any CPU.ActiveCfg = Release|Any CPU
		{A5159DBE-ECDD-4A5D-B2D2-C61F6A64E80E}.Release|Any CPU.Build.0 = Release|Any CPU
	EndGlobalSection
	GlobalSection(SolutionProperties) = preSolution
		HideSolutionNode = FALSE
	EndGlobalSection
	GlobalSection(ExtensibilityGlobals) = postSolution
		SolutionGuid = {8CEE766D-BCBE-4DE0-ABE8-2EF8CD2A01E3}
	EndGlobalSection
EndGlobal
